
Microsoft Visual Studio Solution File, Format Version 12.00
# Visual Studio 2012
Project("{FAE04EC0-301F-11D3-BF4B-00C04F79EFBC}") = "EleniGeorge", "EleniGeorge\EleniGeorge.csproj", "{DA708E68-AD77-4AB8-9885-C52AADFE5BE6}"
EndProject
Global
	GlobalSection(SolutionConfigurationPlatforms) = preSolution
		Debug|Any CPU = Debug|Any CPU
		Release|Any CPU = Release|Any CPU
	EndGlobalSection
	GlobalSection(ProjectConfigurationPlatforms) = postSolution
		{DA708E68-AD77-4AB8-9885-C52AADFE5BE6}.Debug|Any CPU.ActiveCfg = Debug|Any CPU
		{DA708E68-AD77-4AB8-9885-C52AADFE5BE6}.Debug|Any CPU.Build.0 = Debug|Any CPU
		{DA708E68-AD77-4AB8-9885-C52AADFE5BE6}.Release|Any CPU.ActiveCfg = Release|Any CPU
		{DA708E68-AD77-4AB8-9885-C52AADFE5BE6}.Release|Any CPU.Build.0 = Release|Any CPU
	EndGlobalSection
	GlobalSection(SolutionProperties) = preSolution
		HideSolutionNode = FALSE
	EndGlobalSection
EndGlobal
